// !$*UTF8*$!
{
	archiveVersion = 1;
	classes = {
	};
	objectVersion = 55;
	objects = {

/* Begin PBXBuildFile section */
		6E90F1692880675E004E50DE /* AppDelegate.swift in Sources */ = {isa = PBXBuildFile; fileRef = 6E90F1682880675E004E50DE /* AppDelegate.swift */; };
		6E90F16B2880675E004E50DE /* SceneDelegate.swift in Sources */ = {isa = PBXBuildFile; fileRef = 6E90F16A2880675E004E50DE /* SceneDelegate.swift */; };
		6E90F16D2880675E004E50DE /* ViewController.swift in Sources */ = {isa = PBXBuildFile; fileRef = 6E90F16C2880675E004E50DE /* ViewController.swift */; };
		6E90F1702880675E004E50DE /* Main.storyboard in Resources */ = {isa = PBXBuildFile; fileRef = 6E90F16E2880675E004E50DE /* Main.storyboard */; };
		6E90F17228806761004E50DE /* Assets.xcassets in Resources */ = {isa = PBXBuildFile; fileRef = 6E90F17128806761004E50DE /* Assets.xcassets */; };
		6E90F17528806761004E50DE /* LaunchScreen.storyboard in Resources */ = {isa = PBXBuildFile; fileRef = 6E90F17328806761004E50DE /* LaunchScreen.storyboard */; };
		6EB4338E2881AB5800417450 /* QuestionsViewController.swift in Sources */ = {isa = PBXBuildFile; fileRef = 6EB4338D2881AB5800417450 /* QuestionsViewController.swift */; };
		6EB433902881B24A00417450 /* FinalViewController.swift in Sources */ = {isa = PBXBuildFile; fileRef = 6EB4338F2881B24A00417450 /* FinalViewController.swift */; };
		6EB43392288214D900417450 /* Questions.swift in Sources */ = {isa = PBXBuildFile; fileRef = 6EB43391288214D900417450 /* Questions.swift */; };
		6EB43394288214EA00417450 /* Answers.swift in Sources */ = {isa = PBXBuildFile; fileRef = 6EB43393288214EA00417450 /* Answers.swift */; };
/* End PBXBuildFile section */

/* Begin PBXFileReference section */
		6E90F1652880675E004E50DE /* people_quiz.app */ = {isa = PBXFileReference; explicitFileType = wrapper.application; includeInIndex = 0; path = people_quiz.app; sourceTree = BUILT_PRODUCTS_DIR; };
		6E90F1682880675E004E50DE /* AppDelegate.swift */ = {isa = PBXFileReference; lastKnownFileType = sourcecode.swift; path = AppDelegate.swift; sourceTree = "<group>"; };
		6E90F16A2880675E004E50DE /* SceneDelegate.swift */ = {isa = PBXFileReference; lastKnownFileType = sourcecode.swift; path = SceneDelegate.swift; sourceTree = "<group>"; };
		6E90F16C2880675E004E50DE /* ViewController.swift */ = {isa = PBXFileReference; lastKnownFileType = sourcecode.swift; path = ViewController.swift; sourceTree = "<group>"; };
		6E90F16F2880675E004E50DE /* Base */ = {isa = PBXFileReference; lastKnownFileType = file.storyboard; name = Base; path = Base.lproj/Main.storyboard; sourceTree = "<group>"; };
		6E90F17128806761004E50DE /* Assets.xcassets */ = {isa = PBXFileReference; lastKnownFileType = folder.assetcatalog; path = Assets.xcassets; sourceTree = "<group>"; };
		6E90F17428806761004E50DE /* Base */ = {isa = PBXFileReference; lastKnownFileType = file.storyboard; name = Base; path = Base.lproj/LaunchScreen.storyboard; sourceTree = "<group>"; };
		6E90F17628806761004E50DE /* Info.plist */ = {isa = PBXFileReference; lastKnownFileType = text.plist.xml; path = Info.plist; sourceTree = "<group>"; };
		6EB4338D2881AB5800417450 /* QuestionsViewController.swift */ = {isa = PBXFileReference; lastKnownFileType = sourcecode.swift; path = QuestionsViewController.swift; sourceTree = "<group>"; };
		6EB4338F2881B24A00417450 /* FinalViewController.swift */ = {isa = PBXFileReference; lastKnownFileType = sourcecode.swift; path = FinalViewController.swift; sourceTree = "<group>"; };
		6EB43391288214D900417450 /* Questions.swift */ = {isa = PBXFileReference; lastKnownFileType = sourcecode.swift; path = Questions.swift; sourceTree = "<group>"; };
		6EB43393288214EA00417450 /* Answers.swift */ = {isa = PBXFileReference; lastKnownFileType = sourcecode.swift; path = Answers.swift; sourceTree = "<group>"; };
/* End PBXFileReference section */

/* Begin PBXFrameworksBuildPhase section */
		6E90F1622880675E004E50DE /* Frameworks */ = {
			isa = PBXFrameworksBuildPhase;
			buildActionMask = 2147483647;
			files = (
			);
			runOnlyForDeploymentPostprocessing = 0;
		};
/* End PBXFrameworksBuildPhase section */

/* Begin PBXGroup section */
		6E90F15C2880675E004E50DE = {
			isa = PBXGroup;
			children = (
				6E90F1672880675E004E50DE /* people_quiz */,
				6E90F1662880675E004E50DE /* Products */,
			);
			sourceTree = "<group>";
		};
		6E90F1662880675E004E50DE /* Products */ = {
			isa = PBXGroup;
			children = (
				6E90F1652880675E004E50DE /* people_quiz.app */,
			);
			name = Products;
			sourceTree = "<group>";
		};
		6E90F1672880675E004E50DE /* people_quiz */ = {
			isa = PBXGroup;
			children = (
				6EB4338C2881912F00417450 /* Models */,
				6EB4338B2881911A00417450 /* Resources */,
				6EB4338A2881908900417450 /* View Controllers */,
				6EB433892881905A00417450 /* Supporting Files */,
				6E90F17C28807D93004E50DE /* Storyboards */,
			);
			path = people_quiz;
			sourceTree = "<group>";
		};
		6E90F17C28807D93004E50DE /* Storyboards */ = {
			isa = PBXGroup;
			children = (
				6E90F16E2880675E004E50DE /* Main.storyboard */,
				6E90F17328806761004E50DE /* LaunchScreen.storyboard */,
			);
			path = Storyboards;
			sourceTree = "<group>";
		};
		6EB433892881905A00417450 /* Supporting Files */ = {
			isa = PBXGroup;
			children = (
				6E90F1682880675E004E50DE /* AppDelegate.swift */,
				6E90F16A2880675E004E50DE /* SceneDelegate.swift */,
				6E90F17628806761004E50DE /* Info.plist */,
			);
			path = "Supporting Files";
			sourceTree = "<group>";
		};
		6EB4338A2881908900417450 /* View Controllers */ = {
			isa = PBXGroup;
			children = (
				6E90F16C2880675E004E50DE /* ViewController.swift */,
				6EB4338D2881AB5800417450 /* QuestionsViewController.swift */,
				6EB4338F2881B24A00417450 /* FinalViewController.swift */,
			);
			path = "View Controllers";
			sourceTree = "<group>";
		};
		6EB4338B2881911A00417450 /* Resources */ = {
			isa = PBXGroup;
			children = (
				6E90F17128806761004E50DE /* Assets.xcassets */,
			);
			path = Resources;
			sourceTree = "<group>";
		};
		6EB4338C2881912F00417450 /* Models */ = {
			isa = PBXGroup;
			children = (
				6EB43391288214D900417450 /* Questions.swift */,
				6EB43393288214EA00417450 /* Answers.swift */,
			);
			path = Models;
			sourceTree = "<group>";
		};
/* End PBXGroup section */

/* Begin PBXNativeTarget section */
		6E90F1642880675E004E50DE /* people_quiz */ = {
			isa = PBXNativeTarget;
			buildConfigurationList = 6E90F17928806761004E50DE /* Build configuration list for PBXNativeTarget "people_quiz" */;
			buildPhases = (
				6E90F1612880675E004E50DE /* Sources */,
				6E90F1622880675E004E50DE /* Frameworks */,
				6E90F1632880675E004E50DE /* Resources */,
			);
			buildRules = (
			);
			dependencies = (
			);
			name = people_quiz;
			productName = people_quiz;
			productReference = 6E90F1652880675E004E50DE /* people_quiz.app */;
			productType = "com.apple.product-type.application";
		};
/* End PBXNativeTarget section */

/* Begin PBXProject section */
		6E90F15D2880675E004E50DE /* Project object */ = {
			isa = PBXProject;
			attributes = {
				BuildIndependentTargetsInParallel = 1;
				LastSwiftUpdateCheck = 1320;
				LastUpgradeCheck = 1320;
				TargetAttributes = {
					6E90F1642880675E004E50DE = {
						CreatedOnToolsVersion = 13.2.1;
					};
				};
			};
			buildConfigurationList = 6E90F1602880675E004E50DE /* Build configuration list for PBXProject "people_quiz" */;
			compatibilityVersion = "Xcode 13.0";
			developmentRegion = en;
			hasScannedForEncodings = 0;
			knownRegions = (
				en,
				Base,
			);
			mainGroup = 6E90F15C2880675E004E50DE;
			productRefGroup = 6E90F1662880675E004E50DE /* Products */;
			projectDirPath = "";
			projectRoot = "";
			targets = (
				6E90F1642880675E004E50DE /* people_quiz */,
			);
		};
/* End PBXProject section */

/* Begin PBXResourcesBuildPhase section */
		6E90F1632880675E004E50DE /* Resources */ = {
			isa = PBXResourcesBuildPhase;
			buildActionMask = 2147483647;
			files = (
				6E90F17528806761004E50DE /* LaunchScreen.storyboard in Resources */,
				6E90F17228806761004E50DE /* Assets.xcassets in Resources */,
				6E90F1702880675E004E50DE /* Main.storyboard in Resources */,
			);
			runOnlyForDeploymentPostprocessing = 0;
		};
/* End PBXResourcesBuildPhase section */

/* Begin PBXSourcesBuildPhase section */
		6E90F1612880675E004E50DE /* Sources */ = {
			isa = PBXSourcesBuildPhase;
			buildActionMask = 2147483647;
			files = (
				6EB43394288214EA00417450 /* Answers.swift in Sources */,
				6EB433902881B24A00417450 /* FinalViewController.swift in Sources */,
				6E90F16D2880675E004E50DE /* ViewController.swift in Sources */,
				6E90F1692880675E004E50DE /* AppDelegate.swift in Sources */,
				6EB43392288214D900417450 /* Questions.swift in Sources */,
				6EB4338E2881AB5800417450 /* QuestionsViewController.swift in Sources */,
				6E90F16B2880675E004E50DE /* SceneDelegate.swift in Sources */,
			);
			runOnlyForDeploymentPostprocessing = 0;
		};
/* End PBXSourcesBuildPhase section */

/* Begin PBXVariantGroup section */
		6E90F16E2880675E004E50DE /* Main.storyboard */ = {
			isa = PBXVariantGroup;
			children = (
				6E90F16F2880675E004E50DE /* Base */,
			);
			name = Main.storyboard;
			sourceTree = "<group>";
		};
		6E90F17328806761004E50DE /* LaunchScreen.storyboard */ = {
			isa = PBXVariantGroup;
			children = (
				6E90F17428806761004E50DE /* Base */,
			);
			name = LaunchScreen.storyboard;
			sourceTree = "<group>";
		};
/* End PBXVariantGroup section */

/* Begin XCBuildConfiguration section */
		6E90F17728806761004E50DE /* Debug */ = {
			isa = XCBuildConfiguration;
			buildSettings = {
				ALWAYS_SEARCH_USER_PATHS = NO;
				CLANG_ANALYZER_NONNULL = YES;
				CLANG_ANALYZER_NUMBER_OBJECT_CONVERSION = YES_AGGRESSIVE;
				CLANG_CXX_LANGUAGE_STANDARD = "gnu++17";
				CLANG_CXX_LIBRARY = "libc++";
				CLANG_ENABLE_MODULES = YES;
				CLANG_ENABLE_OBJC_ARC = YES;
				CLANG_ENABLE_OBJC_WEAK = YES;
				CLANG_WARN_BLOCK_CAPTURE_AUTORELEASING = YES;
				CLANG_WARN_BOOL_CONVERSION = YES;
				CLANG_WARN_COMMA = YES;
				CLANG_WARN_CONSTANT_CONVERSION = YES;
				CLANG_WARN_DEPRECATED_OBJC_IMPLEMENTATIONS = YES;
				CLANG_WARN_DIRECT_OBJC_ISA_USAGE = YES_ERROR;
				CLANG_WARN_DOCUMENTATION_COMMENTS = YES;
				CLANG_WARN_EMPTY_BODY = YES;
				CLANG_WARN_ENUM_CONVERSION = YES;
				CLANG_WARN_INFINITE_RECURSION = YES;
				CLANG_WARN_INT_CONVERSION = YES;
				CLANG_WARN_NON_LITERAL_NULL_CONVERSION = YES;
				CLANG_WARN_OBJC_IMPLICIT_RETAIN_SELF = YES;
				CLANG_WARN_OBJC_LITERAL_CONVERSION = YES;
				CLANG_WARN_OBJC_ROOT_CLASS = YES_ERROR;
				CLANG_WARN_QUOTED_INCLUDE_IN_FRAMEWORK_HEADER = YES;
				CLANG_WARN_RANGE_LOOP_ANALYSIS = YES;
				CLANG_WARN_STRICT_PROTOTYPES = YES;
				CLANG_WARN_SUSPICIOUS_MOVE = YES;
				CLANG_WARN_UNGUARDED_AVAILABILITY = YES_AGGRESSIVE;
				CLANG_WARN_UNREACHABLE_CODE = YES;
				CLANG_WARN__DUPLICATE_METHOD_MATCH = YES;
				COPY_PHASE_STRIP = NO;
				DEBUG_INFORMATION_FORMAT = dwarf;
				ENABLE_STRICT_OBJC_MSGSEND = YES;
				ENABLE_TESTABILITY = YES;
				GCC_C_LANGUAGE_STANDARD = gnu11;
				GCC_DYNAMIC_NO_PIC = NO;
				GCC_NO_COMMON_BLOCKS = YES;
				GCC_OPTIMIZATION_LEVEL = 0;
				GCC_PREPROCESSOR_DEFINITIONS = (
					"DEBUG=1",
					"$(inherited)",
				);
				GCC_WARN_64_TO_32_BIT_CONVERSION = YES;
				GCC_WARN_ABOUT_RETURN_TYPE = YES_ERROR;
				GCC_WARN_UNDECLARED_SELECTOR = YES;
				GCC_WARN_UNINITIALIZED_AUTOS = YES_AGGRESSIVE;
				GCC_WARN_UNUSED_FUNCTION = YES;
				GCC_WARN_UNUSED_VARIABLE = YES;
				IPHONEOS_DEPLOYMENT_TARGET = 15.2;
				MTL_ENABLE_DEBUG_INFO = INCLUDE_SOURCE;
				MTL_FAST_MATH = YES;
				ONLY_ACTIVE_ARCH = YES;
				SDKROOT = iphoneos;
				SWIFT_ACTIVE_COMPILATION_CONDITIONS = DEBUG;
				SWIFT_OPTIMIZATION_LEVEL = "-Onone";
			};
			name = Debug;
		};
		6E90F17828806761004E50DE /* Release */ = {
			isa = XCBuildConfiguration;
			buildSettings = {
				ALWAYS_SEARCH_USER_PATHS = NO;
				CLANG_ANALYZER_NONNULL = YES;
				CLANG_ANALYZER_NUMBER_OBJECT_CONVERSION = YES_AGGRESSIVE;
				CLANG_CXX_LANGUAGE_STANDARD = "gnu++17";
				CLANG_CXX_LIBRARY = "libc++";
				CLANG_ENABLE_MODULES = YES;
				CLANG_ENABLE_OBJC_ARC = YES;
				CLANG_ENABLE_OBJC_WEAK = YES;
				CLANG_WARN_BLOCK_CAPTURE_AUTORELEASING = YES;
				CLANG_WARN_BOOL_CONVERSION = YES;
				CLANG_WARN_COMMA = YES;
				CLANG_WARN_CONSTANT_CONVERSION = YES;
				CLANG_WARN_DEPRECATED_OBJC_IMPLEMENTATIONS = YES;
				CLANG_WARN_DIRECT_OBJC_ISA_USAGE = YES_ERROR;
				CLANG_WARN_DOCUMENTATION_COMMENTS = YES;
				CLANG_WARN_EMPTY_BODY = YES;
				CLANG_WARN_ENUM_CONVERSION = YES;
				CLANG_WARN_INFINITE_RECURSION = YES;
				CLANG_WARN_INT_CONVERSION = YES;
				CLANG_WARN_NON_LITERAL_NULL_CONVERSION = YES;
				CLANG_WARN_OBJC_IMPLICIT_RETAIN_SELF = YES;
				CLANG_WARN_OBJC_LITERAL_CONVERSION = YES;
				CLANG_WARN_OBJC_ROOT_CLASS = YES_ERROR;
				CLANG_WARN_QUOTED_INCLUDE_IN_FRAMEWORK_HEADER = YES;
				CLANG_WARN_RANGE_LOOP_ANALYSIS = YES;
				CLANG_WARN_STRICT_PROTOTYPES = YES;
				CLANG_WARN_SUSPICIOUS_MOVE = YES;
				CLANG_WARN_UNGUARDED_AVAILABILITY = YES_AGGRESSIVE;
				CLANG_WARN_UNREACHABLE_CODE = YES;
				CLANG_WARN__DUPLICATE_METHOD_MATCH = YES;
				COPY_PHASE_STRIP = NO;
				DEBUG_INFORMATION_FORMAT = "dwarf-with-dsym";
				ENABLE_NS_ASSERTIONS = NO;
				ENABLE_STRICT_OBJC_MSGSEND = YES;
				GCC_C_LANGUAGE_STANDARD = gnu11;
				GCC_NO_COMMON_BLOCKS = YES;
				GCC_WARN_64_TO_32_BIT_CONVERSION = YES;
				GCC_WARN_ABOUT_RETURN_TYPE = YES_ERROR;
				GCC_WARN_UNDECLARED_SELECTOR = YES;
				GCC_WARN_UNINITIALIZED_AUTOS = YES_AGGRESSIVE;
				GCC_WARN_UNUSED_FUNCTION = YES;
				GCC_WARN_UNUSED_VARIABLE = YES;
				IPHONEOS_DEPLOYMENT_TARGET = 15.2;
				MTL_ENABLE_DEBUG_INFO = NO;
				MTL_FAST_MATH = YES;
				SDKROOT = iphoneos;
				SWIFT_COMPILATION_MODE = wholemodule;
				SWIFT_OPTIMIZATION_LEVEL = "-O";
				VALIDATE_PRODUCT = YES;
			};
			name = Release;
		};
		6E90F17A28806761004E50DE /* Debug */ = {
			isa = XCBuildConfiguration;
			buildSettings = {
				ASSETCATALOG_COMPILER_APPICON_NAME = AppIcon;
				ASSETCATALOG_COMPILER_GLOBAL_ACCENT_COLOR_NAME = AccentColor;
				CODE_SIGN_STYLE = Automatic;
				CURRENT_PROJECT_VERSION = 1;
				DEVELOPMENT_TEAM = 38NM7VX6QJ;
				GENERATE_INFOPLIST_FILE = YES;
				INFOPLIST_FILE = "people_quiz/Supporting Files/Info.plist";
				INFOPLIST_KEY_UIApplicationSupportsIndirectInputEvents = YES;
				INFOPLIST_KEY_UILaunchStoryboardName = LaunchScreen;
				INFOPLIST_KEY_UIMainStoryboardFile = Main;
				INFOPLIST_KEY_UISupportedInterfaceOrientations_iPad = "UIInterfaceOrientationPortrait UIInterfaceOrientationPortraitUpsideDown UIInterfaceOrientationLandscapeLeft UIInterfaceOrientationLandscapeRight";
				INFOPLIST_KEY_UISupportedInterfaceOrientations_iPhone = "UIInterfaceOrientationPortrait UIInterfaceOrientationLandscapeLeft UIInterfaceOrientationLandscapeRight";
				LD_RUNPATH_SEARCH_PATHS = (
					"$(inherited)",
					"@executable_path/Frameworks",
				);
				MARKETING_VERSION = 1.0;
				PRODUCT_BUNDLE_IDENTIFIER = "com.it-gi.people-quiz";
				PRODUCT_NAME = "$(TARGET_NAME)";
				SWIFT_EMIT_LOC_STRINGS = YES;
				SWIFT_VERSION = 5.0;
				TARGETED_DEVICE_FAMILY = "1,2";
			};
			name = Debug;
		};
		6E90F17B28806761004E50DE /* Release */ = {
			isa = XCBuildConfiguration;
			buildSettings = {
				ASSETCATALOG_COMPILER_APPICON_NAME = AppIcon;
				ASSETCATALOG_COMPILER_GLOBAL_ACCENT_COLOR_NAME = AccentColor;
				CODE_SIGN_STYLE = Automatic;
				CURRENT_PROJECT_VERSION = 1;
				DEVELOPMENT_TEAM = 38NM7VX6QJ;
				GENERATE_INFOPLIST_FILE = YES;
				INFOPLIST_FILE = "people_quiz/Supporting Files/Info.plist";
				INFOPLIST_KEY_UIApplicationSupportsIndirectInputEvents = YES;
				INFOPLIST_KEY_UILaunchStoryboardName = LaunchScreen;
				INFOPLIST_KEY_UIMainStoryboardFile = Main;
				INFOPLIST_KEY_UISupportedInterfaceOrientations_iPad = "UIInterfaceOrientationPortrait UIInterfaceOrientationPortraitUpsideDown UIInterfaceOrientationLandscapeLeft UIInterfaceOrientationLandscapeRight";
				INFOPLIST_KEY_UISupportedInterfaceOrientations_iPhone = "UIInterfaceOrientationPortrait UIInterfaceOrientationLandscapeLeft UIInterfaceOrientationLandscapeRight";
				LD_RUNPATH_SEARCH_PATHS = (
					"$(inherited)",
					"@executable_path/Frameworks",
				);
				MARKETING_VERSION = 1.0;
				PRODUCT_BUNDLE_IDENTIFIER = "com.it-gi.people-quiz";
				PRODUCT_NAME = "$(TARGET_NAME)";
				SWIFT_EMIT_LOC_STRINGS = YES;
				SWIFT_VERSION = 5.0;
				TARGETED_DEVICE_FAMILY = "1,2";
			};
			name = Release;
		};
/* End XCBuildConfiguration section */

/* Begin XCConfigurationList section */
		6E90F1602880675E004E50DE /* Build configuration list for PBXProject "people_quiz" */ = {
			isa = XCConfigurationList;
			buildConfigurations = (
				6E90F17728806761004E50DE /* Debug */,
				6E90F17828806761004E50DE /* Release */,
			);
			defaultConfigurationIsVisible = 0;
			defaultConfigurationName = Release;
		};
		6E90F17928806761004E50DE /* Build configuration list for PBXNativeTarget "people_quiz" */ = {
			isa = XCConfigurationList;
			buildConfigurations = (
				6E90F17A28806761004E50DE /* Debug */,
				6E90F17B28806761004E50DE /* Release */,
			);
			defaultConfigurationIsVisible = 0;
			defaultConfigurationName = Release;
		};
/* End XCConfigurationList section */
	};
	rootObject = 6E90F15D2880675E004E50DE /* Project object */;
}
